
Microsoft Visual Studio Solution File, Format Version 12.00
# Visual Studio Version 17
VisualStudioVersion = 17.1.32228.430
MinimumVisualStudioVersion = 10.0.40219.1
Project("{9A19103F-16F7-4668-BE54-9A1E7A4F7556}") = "RS.WPF.SearchBox", "RS.WPF.SearchBox.csproj", "{41C4F36D-6534-4EF8-8E4C-8163AFA9E38E}"
EndProject
Global
	GlobalSection(SolutionConfigurationPlatforms) = preSolution
		Debug|Any CPU = Debug|Any CPU
		Release|Any CPU = Release|Any CPU
	EndGlobalSection
	GlobalSection(ProjectConfigurationPlatforms) = postSolution
		{41C4F36D-6534-4EF8-8E4C-8163AFA9E38E}.Debug|Any CPU.ActiveCfg = Debug|Any CPU
		{41C4F36D-6534-4EF8-8E4C-8163AFA9E38E}.Debug|Any CPU.Build.0 = Debug|Any CPU
		{41C4F36D-6534-4EF8-8E4C-8163AFA9E38E}.Release|Any CPU.ActiveCfg = Release|Any CPU
		{41C4F36D-6534-4EF8-8E4C-8163AFA9E38E}.Release|Any CPU.Build.0 = Release|Any CPU
	EndGlobalSection
	GlobalSection(SolutionProperties) = preSolution
		HideSolutionNode = FALSE
	EndGlobalSection
	GlobalSection(ExtensibilityGlobals) = postSolution
		SolutionGuid = {BCEF724A-FE5A-41BA-9B36-11608A6CC8AA}
	EndGlobalSection
EndGlobal
